
Microsoft Visual Studio Solution File, Format Version 12.00
# Visual Studio Version 16
VisualStudioVersion = 16.0.32002.261
MinimumVisualStudioVersion = 10.0.40219.1
Project("{FAE04EC0-301F-11D3-BF4B-00C04F79EFBC}") = "Azure", "Azure\Azure.csproj", "{C703FEF4-257F-45D9-8224-18740D655CDC}"
EndProject
Global
	GlobalSection(SolutionConfigurationPlatforms) = preSolution
		Debug|Any CPU = Debug|Any CPU
		Release|Any CPU = Release|Any CPU
	EndGlobalSection
	GlobalSection(ProjectConfigurationPlatforms) = postSolution
		{C703FEF4-257F-45D9-8224-18740D655CDC}.Debug|Any CPU.ActiveCfg = Debug|Any CPU
		{C703FEF4-257F-45D9-8224-18740D655CDC}.Debug|Any CPU.Build.0 = Debug|Any CPU
		{C703FEF4-257F-45D9-8224-18740D655CDC}.Release|Any CPU.ActiveCfg = Release|Any CPU
		{C703FEF4-257F-45D9-8224-18740D655CDC}.Release|Any CPU.Build.0 = Release|Any CPU
	EndGlobalSection
	GlobalSection(SolutionProperties) = preSolution
		HideSolutionNode = FALSE
	EndGlobalSection
	GlobalSection(ExtensibilityGlobals) = postSolution
		SolutionGuid = {EDC30643-3401-481B-8F0A-316E76362CF1}
	EndGlobalSection
EndGlobal
